
Microsoft Visual Studio Solution File, Format Version 12.00
# Visual Studio Version 16
VisualStudioVersion = 16.0.32228.343
MinimumVisualStudioVersion = 10.0.40219.1
Project("{9A19103F-16F7-4668-BE54-9A1E7A4F7556}") = "BethanysPieShop", "BethanysPieShop.csproj", "{F3E93361-CC1B-4970-A0AF-AB757834985A}"
EndProject
Global
	GlobalSection(SolutionConfigurationPlatforms) = preSolution
		Debug|Any CPU = Debug|Any CPU
		Release|Any CPU = Release|Any CPU
	EndGlobalSection
	GlobalSection(ProjectConfigurationPlatforms) = postSolution
		{F3E93361-CC1B-4970-A0AF-AB757834985A}.Debug|Any CPU.ActiveCfg = Debug|Any CPU
		{F3E93361-CC1B-4970-A0AF-AB757834985A}.Debug|Any CPU.Build.0 = Debug|Any CPU
		{F3E93361-CC1B-4970-A0AF-AB757834985A}.Release|Any CPU.ActiveCfg = Release|Any CPU
		{F3E93361-CC1B-4970-A0AF-AB757834985A}.Release|Any CPU.Build.0 = Release|Any CPU
	EndGlobalSection
	GlobalSection(SolutionProperties) = preSolution
		HideSolutionNode = FALSE
	EndGlobalSection
	GlobalSection(ExtensibilityGlobals) = postSolution
		SolutionGuid = {E5DC014E-2736-4761-8AE1-74DB97E56B27}
	EndGlobalSection
EndGlobal
